
Microsoft Visual Studio Solution File, Format Version 12.00
# Visual Studio Version 16
VisualStudioVersion = 16.0.30523.141
MinimumVisualStudioVersion = 10.0.40219.1
Project("{FAE04EC0-301F-11D3-BF4B-00C04F79EFBC}") = "TodoApi", "TodoApi\TodoApi.csproj", "{4F131CB8-ED44-44C0-9DC2-09BF28B49576}"
EndProject
Global
	GlobalSection(SolutionConfigurationPlatforms) = preSolution
		Debug|Any CPU = Debug|Any CPU
		Release|Any CPU = Release|Any CPU
	EndGlobalSection
	GlobalSection(ProjectConfigurationPlatforms) = postSolution
		{4F131CB8-ED44-44C0-9DC2-09BF28B49576}.Debug|Any CPU.ActiveCfg = Debug|Any CPU
		{4F131CB8-ED44-44C0-9DC2-09BF28B49576}.Debug|Any CPU.Build.0 = Debug|Any CPU
		{4F131CB8-ED44-44C0-9DC2-09BF28B49576}.Release|Any CPU.ActiveCfg = Release|Any CPU
		{4F131CB8-ED44-44C0-9DC2-09BF28B49576}.Release|Any CPU.Build.0 = Release|Any CPU
	EndGlobalSection
	GlobalSection(SolutionProperties) = preSolution
		HideSolutionNode = FALSE
	EndGlobalSection
	GlobalSection(ExtensibilityGlobals) = postSolution
		SolutionGuid = {D9944302-A3F1-457E-99BC-F9C7F7AD883B}
	EndGlobalSection
EndGlobal
